
Microsoft Visual Studio Solution File, Format Version 12.00
# Visual Studio Version 17
VisualStudioVersion = 17.8.34322.80
MinimumVisualStudioVersion = 10.0.40219.1
Project("{FAE04EC0-301F-11D3-BF4B-00C04F79EFBC}") = "Week15OOPandFiles", "Week15OOPandFiles\Week15OOPandFiles.csproj", "{0D367EB3-EA77-4245-AF54-0E512B1AD05B}"
EndProject
Global
	GlobalSection(SolutionConfigurationPlatforms) = preSolution
		Debug|Any CPU = Debug|Any CPU
		Release|Any CPU = Release|Any CPU
	EndGlobalSection
	GlobalSection(ProjectConfigurationPlatforms) = postSolution
		{0D367EB3-EA77-4245-AF54-0E512B1AD05B}.Debug|Any CPU.ActiveCfg = Debug|Any CPU
		{0D367EB3-EA77-4245-AF54-0E512B1AD05B}.Debug|Any CPU.Build.0 = Debug|Any CPU
		{0D367EB3-EA77-4245-AF54-0E512B1AD05B}.Release|Any CPU.ActiveCfg = Release|Any CPU
		{0D367EB3-EA77-4245-AF54-0E512B1AD05B}.Release|Any CPU.Build.0 = Release|Any CPU
	EndGlobalSection
	GlobalSection(SolutionProperties) = preSolution
		HideSolutionNode = FALSE
	EndGlobalSection
	GlobalSection(ExtensibilityGlobals) = postSolution
		SolutionGuid = {2A472F6E-BFFD-4ABF-94B8-CA6AE4B1CC23}
	EndGlobalSection
EndGlobal
